
Microsoft Visual Studio Solution File, Format Version 12.00
# Visual Studio Version 17
VisualStudioVersion = 17.7.34221.43
MinimumVisualStudioVersion = 10.0.40219.1
Project("{FAE04EC0-301F-11D3-BF4B-00C04F79EFBC}") = "DHVJ1Seme", "DHVJ1Seme\DHVJ1Seme.csproj", "{CBE63F13-88D8-41DF-84BB-D59CDD782D46}"
EndProject
Global
	GlobalSection(SolutionConfigurationPlatforms) = preSolution
		Debug|Any CPU = Debug|Any CPU
		Release|Any CPU = Release|Any CPU
	EndGlobalSection
	GlobalSection(ProjectConfigurationPlatforms) = postSolution
		{CBE63F13-88D8-41DF-84BB-D59CDD782D46}.Debug|Any CPU.ActiveCfg = Debug|Any CPU
		{CBE63F13-88D8-41DF-84BB-D59CDD782D46}.Debug|Any CPU.Build.0 = Debug|Any CPU
		{CBE63F13-88D8-41DF-84BB-D59CDD782D46}.Release|Any CPU.ActiveCfg = Release|Any CPU
		{CBE63F13-88D8-41DF-84BB-D59CDD782D46}.Release|Any CPU.Build.0 = Release|Any CPU
	EndGlobalSection
	GlobalSection(SolutionProperties) = preSolution
		HideSolutionNode = FALSE
	EndGlobalSection
	GlobalSection(ExtensibilityGlobals) = postSolution
		SolutionGuid = {240A6EBE-AD60-42E5-A46E-5B2C5FABCD00}
	EndGlobalSection
EndGlobal
